PODS:
  - Alamofire (5.5.0)
  - MBProgressHUD (1.2.0)

DEPENDENCIES:
  - Alamofire (~> 5.2)
  - MBProgressHUD (~> 1.2.0)

SPEC REPOS:
  trunk:
    - Alamofire
    - MBProgressHUD

SPEC CHECKSUMS:
  Alamofire: 1c4fb5369c3fe93d2857c780d8bbe09f06f97e7c
  MBProgressHUD: 3ee5efcc380f6a79a7cc9b363dd669c5e1ae7406

PODFILE CHECKSUM: 37c52fd27b5bb1c6a8ef5c25173a6c9c383edc6b

COCOAPODS: 1.11.2
